
Microsoft Visual Studio Solution File, Format Version 12.00
# Visual Studio 15
VisualStudioVersion = 15.0.28307.902
MinimumVisualStudioVersion = 10.0.40219.1
Project("{FAE04EC0-301F-11D3-BF4B-00C04F79EFBC}") = "shop10", "shop10\shop10.csproj", "{84F22462-737C-4DEF-8574-BC9689F47EA2}"
EndProject
Global
	GlobalSection(SolutionConfigurationPlatforms) = preSolution
		Debug|Any CPU = Debug|Any CPU
		Release|Any CPU = Release|Any CPU
	EndGlobalSection
	GlobalSection(ProjectConfigurationPlatforms) = postSolution
		{84F22462-737C-4DEF-8574-BC9689F47EA2}.Debug|Any CPU.ActiveCfg = Debug|Any CPU
		{84F22462-737C-4DEF-8574-BC9689F47EA2}.Debug|Any CPU.Build.0 = Debug|Any CPU
		{84F22462-737C-4DEF-8574-BC9689F47EA2}.Release|Any CPU.ActiveCfg = Release|Any CPU
		{84F22462-737C-4DEF-8574-BC9689F47EA2}.Release|Any CPU.Build.0 = Release|Any CPU
	EndGlobalSection
	GlobalSection(SolutionProperties) = preSolution
		HideSolutionNode = FALSE
	EndGlobalSection
	GlobalSection(ExtensibilityGlobals) = postSolution
		SolutionGuid = {DDF7FC4D-DA59-48F9-90EE-8BB41B1B66F0}
	EndGlobalSection
EndGlobal
